
Microsoft Visual Studio Solution File, Format Version 12.00
# Visual Studio Version 17
VisualStudioVersion = 17.6.33801.468
MinimumVisualStudioVersion = 10.0.40219.1
Project("{FAE04EC0-301F-11D3-BF4B-00C04F79EFBC}") = "app.whitelabel", "app.whitelabel\app.whitelabel.csproj", "{99FAB5AD-CFCF-4E91-AE97-9A7AB7DE9DEA}"
EndProject
Project("{2150E333-8FDC-42A3-9474-1A3956D46DE8}") = "1-Domain", "1-Domain", "{A90A5C75-4C43-46BA-A017-B5B990560156}"
EndProject
Global
	GlobalSection(SolutionConfigurationPlatforms) = preSolution
		Debug|Any CPU = Debug|Any CPU
		Release|Any CPU = Release|Any CPU
	EndGlobalSection
	GlobalSection(ProjectConfigurationPlatforms) = postSolution
		{99FAB5AD-CFCF-4E91-AE97-9A7AB7DE9DEA}.Debug|Any CPU.ActiveCfg = Debug|Any CPU
		{99FAB5AD-CFCF-4E91-AE97-9A7AB7DE9DEA}.Debug|Any CPU.Build.0 = Debug|Any CPU
		{99FAB5AD-CFCF-4E91-AE97-9A7AB7DE9DEA}.Release|Any CPU.ActiveCfg = Release|Any CPU
		{99FAB5AD-CFCF-4E91-AE97-9A7AB7DE9DEA}.Release|Any CPU.Build.0 = Release|Any CPU
	EndGlobalSection
	GlobalSection(SolutionProperties) = preSolution
		HideSolutionNode = FALSE
	EndGlobalSection
	GlobalSection(NestedProjects) = preSolution
		{99FAB5AD-CFCF-4E91-AE97-9A7AB7DE9DEA} = {A90A5C75-4C43-46BA-A017-B5B990560156}
	EndGlobalSection
	GlobalSection(ExtensibilityGlobals) = postSolution
		SolutionGuid = {2C673BF7-9EC7-4976-B4E9-F1A5D24DA831}
	EndGlobalSection
EndGlobal
